
Microsoft Visual Studio Solution File, Format Version 12.00
# Visual Studio Version 16
VisualStudioVersion = 16.0.31313.79
MinimumVisualStudioVersion = 10.0.40219.1
Project("{FAE04EC0-301F-11D3-BF4B-00C04F79EFBC}") = "NeinteenFlower", "NeinteenFlower\NeinteenFlower.csproj", "{C51950A7-DF06-4252-B128-4010790BB506}"
EndProject
Global
	GlobalSection(SolutionConfigurationPlatforms) = preSolution
		Debug|Any CPU = Debug|Any CPU
		Release|Any CPU = Release|Any CPU
	EndGlobalSection
	GlobalSection(ProjectConfigurationPlatforms) = postSolution
		{C51950A7-DF06-4252-B128-4010790BB506}.Debug|Any CPU.ActiveCfg = Debug|Any CPU
		{C51950A7-DF06-4252-B128-4010790BB506}.Debug|Any CPU.Build.0 = Debug|Any CPU
		{C51950A7-DF06-4252-B128-4010790BB506}.Release|Any CPU.ActiveCfg = Release|Any CPU
		{C51950A7-DF06-4252-B128-4010790BB506}.Release|Any CPU.Build.0 = Release|Any CPU
	EndGlobalSection
	GlobalSection(SolutionProperties) = preSolution
		HideSolutionNode = FALSE
	EndGlobalSection
	GlobalSection(ExtensibilityGlobals) = postSolution
		SolutionGuid = {9553DC60-F435-4B95-9AC5-554ED1545953}
	EndGlobalSection
EndGlobal
